
Microsoft Visual Studio Solution File, Format Version 12.00
# Visual Studio Version 17
VisualStudioVersion = 17.5.002.0
MinimumVisualStudioVersion = 10.0.40219.1
Project("{9A19103F-16F7-4668-BE54-9A1E7A4F7556}") = "console", "console\console.csproj", "{09DF98AC-257C-4B98-BF99-6D4032E9AB71}"
EndProject
Project("{9A19103F-16F7-4668-BE54-9A1E7A4F7556}") = "test", "test\test.csproj", "{8E4B845B-769A-4471-9692-F0308B1A2B65}"
EndProject
Global
	GlobalSection(SolutionConfigurationPlatforms) = preSolution
		Debug|Any CPU = Debug|Any CPU
		Release|Any CPU = Release|Any CPU
	EndGlobalSection
	GlobalSection(ProjectConfigurationPlatforms) = postSolution
		{09DF98AC-257C-4B98-BF99-6D4032E9AB71}.Debug|Any CPU.ActiveCfg = Debug|Any CPU
		{09DF98AC-257C-4B98-BF99-6D4032E9AB71}.Debug|Any CPU.Build.0 = Debug|Any CPU
		{09DF98AC-257C-4B98-BF99-6D4032E9AB71}.Release|Any CPU.ActiveCfg = Release|Any CPU
		{09DF98AC-257C-4B98-BF99-6D4032E9AB71}.Release|Any CPU.Build.0 = Release|Any CPU
		{8E4B845B-769A-4471-9692-F0308B1A2B65}.Debug|Any CPU.ActiveCfg = Debug|Any CPU
		{8E4B845B-769A-4471-9692-F0308B1A2B65}.Debug|Any CPU.Build.0 = Debug|Any CPU
		{8E4B845B-769A-4471-9692-F0308B1A2B65}.Release|Any CPU.ActiveCfg = Release|Any CPU
		{8E4B845B-769A-4471-9692-F0308B1A2B65}.Release|Any CPU.Build.0 = Release|Any CPU
	EndGlobalSection
	GlobalSection(SolutionProperties) = preSolution
		HideSolutionNode = FALSE
	EndGlobalSection
	GlobalSection(ExtensibilityGlobals) = postSolution
		SolutionGuid = {1E5A69A8-FB90-427B-91E6-CB2024070144}
	EndGlobalSection
EndGlobal
